
Microsoft Visual Studio Solution File, Format Version 12.00
# Visual Studio 15
VisualStudioVersion = 15.0.27428.2037
MinimumVisualStudioVersion = 10.0.40219.1
Project("{00D1A9C2-B5F0-4AF3-8072-F6C62B433612}") = "SSL_Challenge_Database", "SSL_Challenge_Database\SSL_Challenge_Database.sqlproj", "{F299F2B6-9370-4633-85B0-11BE452782FF}"
EndProject
Project("{FAE04EC0-301F-11D3-BF4B-00C04F79EFBC}") = "SSL_Challange_WebApp", "SSL_Challange_WebApp\SSL_Challange_WebApp.csproj", "{A208C149-40EC-436C-BC02-5456771C6F83}"
EndProject
Global
	GlobalSection(SolutionConfigurationPlatforms) = preSolution
		Debug|Any CPU = Debug|Any CPU
		Release|Any CPU = Release|Any CPU
	EndGlobalSection
	GlobalSection(ProjectConfigurationPlatforms) = postSolution
		{F299F2B6-9370-4633-85B0-11BE452782FF}.Debug|Any CPU.ActiveCfg = Debug|Any CPU
		{F299F2B6-9370-4633-85B0-11BE452782FF}.Debug|Any CPU.Build.0 = Debug|Any CPU
		{F299F2B6-9370-4633-85B0-11BE452782FF}.Debug|Any CPU.Deploy.0 = Debug|Any CPU
		{F299F2B6-9370-4633-85B0-11BE452782FF}.Release|Any CPU.ActiveCfg = Release|Any CPU
		{F299F2B6-9370-4633-85B0-11BE452782FF}.Release|Any CPU.Build.0 = Release|Any CPU
		{F299F2B6-9370-4633-85B0-11BE452782FF}.Release|Any CPU.Deploy.0 = Release|Any CPU
		{A208C149-40EC-436C-BC02-5456771C6F83}.Debug|Any CPU.ActiveCfg = Debug|Any CPU
		{A208C149-40EC-436C-BC02-5456771C6F83}.Debug|Any CPU.Build.0 = Debug|Any CPU
		{A208C149-40EC-436C-BC02-5456771C6F83}.Release|Any CPU.ActiveCfg = Release|Any CPU
		{A208C149-40EC-436C-BC02-5456771C6F83}.Release|Any CPU.Build.0 = Release|Any CPU
	EndGlobalSection
	GlobalSection(SolutionProperties) = preSolution
		HideSolutionNode = FALSE
	EndGlobalSection
	GlobalSection(ExtensibilityGlobals) = postSolution
		SolutionGuid = {408E1072-5A22-43F0-9117-FE56940B9842}
	EndGlobalSection
EndGlobal
